{
  "name": "node-vuln-app",
  "version": "1.0.0",
  "lockfileVersion": 3,
  "requires": true,
  "packages": {
    "": {
      "name": "node-vuln-app",
      "version": "1.0.0",
      "dependencies": {
        "express": "4.17.3",
        "lodash": "4.17.20",
        "moment": "2.29.1",
        "mysql2": "2.3.3"
      }
    },
    "node_modules/express": {
      "version": "4.17.3"
    },
    "node_modules/lodash": {
      "version": "4.17.20"
    },
    "node_modules/moment": {
      "version": "2.29.1"
    },
    "node_modules/mysql2": {
      "version": "2.3.3"
    },
    "node_modules/debug": {
      "version": "2.6.9"
    }
  }
}
